
Microsoft Visual Studio Solution File, Format Version 12.00
# Visual Studio 15
VisualStudioVersion = 15.0.28307.489
MinimumVisualStudioVersion = 10.0.40219.1
Project("{FAE04EC0-301F-11D3-BF4B-00C04F79EFBC}") = "Sobrecarga1", "Sobrecarga1\Sobrecarga1.csproj", "{78F4D8BB-F725-4535-8085-EB6A9CC0F35B}"
EndProject
Global
	GlobalSection(SolutionConfigurationPlatforms) = preSolution
		Debug|Any CPU = Debug|Any CPU
		Release|Any CPU = Release|Any CPU
	EndGlobalSection
	GlobalSection(ProjectConfigurationPlatforms) = postSolution
		{78F4D8BB-F725-4535-8085-EB6A9CC0F35B}.Debug|Any CPU.ActiveCfg = Debug|Any CPU
		{78F4D8BB-F725-4535-8085-EB6A9CC0F35B}.Debug|Any CPU.Build.0 = Debug|Any CPU
		{78F4D8BB-F725-4535-8085-EB6A9CC0F35B}.Release|Any CPU.ActiveCfg = Release|Any CPU
		{78F4D8BB-F725-4535-8085-EB6A9CC0F35B}.Release|Any CPU.Build.0 = Release|Any CPU
	EndGlobalSection
	GlobalSection(SolutionProperties) = preSolution
		HideSolutionNode = FALSE
	EndGlobalSection
	GlobalSection(ExtensibilityGlobals) = postSolution
		SolutionGuid = {C7AC77C1-5AE2-487D-A91A-341BBA934758}
	EndGlobalSection
EndGlobal
