
Microsoft Visual Studio Solution File, Format Version 12.00
# Visual Studio 15
VisualStudioVersion = 15.0.28307.489
MinimumVisualStudioVersion = 10.0.40219.1
Project("{FAE04EC0-301F-11D3-BF4B-00C04F79EFBC}") = "T01.-Calculadora", "T01.-Calculadora\T01.-Calculadora.csproj", "{2EDE16BE-E102-4392-AC3E-0B57C6A96D61}"
EndProject
Global
	GlobalSection(SolutionConfigurationPlatforms) = preSolution
		Debug|Any CPU = Debug|Any CPU
		Release|Any CPU = Release|Any CPU
	EndGlobalSection
	GlobalSection(ProjectConfigurationPlatforms) = postSolution
		{2EDE16BE-E102-4392-AC3E-0B57C6A96D61}.Debug|Any CPU.ActiveCfg = Debug|Any CPU
		{2EDE16BE-E102-4392-AC3E-0B57C6A96D61}.Debug|Any CPU.Build.0 = Debug|Any CPU
		{2EDE16BE-E102-4392-AC3E-0B57C6A96D61}.Release|Any CPU.ActiveCfg = Release|Any CPU
		{2EDE16BE-E102-4392-AC3E-0B57C6A96D61}.Release|Any CPU.Build.0 = Release|Any CPU
	EndGlobalSection
	GlobalSection(SolutionProperties) = preSolution
		HideSolutionNode = FALSE
	EndGlobalSection
	GlobalSection(ExtensibilityGlobals) = postSolution
		SolutionGuid = {1CFF44AD-1842-44A4-B866-41C93AEB67C4}
	EndGlobalSection
EndGlobal
